
Microsoft Visual Studio Solution File, Format Version 12.00
# Visual Studio Version 17
VisualStudioVersion = 17.12.35707.178
MinimumVisualStudioVersion = 10.0.40219.1
Project("{F184B08F-C81C-45F6-A57F-5ABD9991F28F}") = "Employee Management System", "Employee Management System\Employee Management System.vbproj", "{1B442357-2F2E-46B5-926A-44EB58B5FD68}"
EndProject
Project("{54435603-DBB4-11D2-8724-00A0C9A8B90C}") = "Employee", "Employee\Employee.vdproj", "{871656BD-3ACB-42F1-896B-AA8898953243}"
EndProject
Global
	GlobalSection(SolutionConfigurationPlatforms) = preSolution
		Debug|Any CPU = Debug|Any CPU
		Release|Any CPU = Release|Any CPU
	EndGlobalSection
	GlobalSection(ProjectConfigurationPlatforms) = postSolution
		{1B442357-2F2E-46B5-926A-44EB58B5FD68}.Debug|Any CPU.ActiveCfg = Debug|Any CPU
		{1B442357-2F2E-46B5-926A-44EB58B5FD68}.Debug|Any CPU.Build.0 = Debug|Any CPU
		{1B442357-2F2E-46B5-926A-44EB58B5FD68}.Release|Any CPU.ActiveCfg = Release|Any CPU
		{1B442357-2F2E-46B5-926A-44EB58B5FD68}.Release|Any CPU.Build.0 = Release|Any CPU
		{871656BD-3ACB-42F1-896B-AA8898953243}.Debug|Any CPU.ActiveCfg = Debug
		{871656BD-3ACB-42F1-896B-AA8898953243}.Release|Any CPU.ActiveCfg = Release
	EndGlobalSection
	GlobalSection(SolutionProperties) = preSolution
		HideSolutionNode = FALSE
	EndGlobalSection
EndGlobal
